
Microsoft Visual Studio Solution File, Format Version 12.00
# Visual Studio 15
VisualStudioVersion = 15.0.25920.0
MinimumVisualStudioVersion = 10.0.40219.1
Project("{9A19103F-16F7-4668-BE54-9A1E7A4F7556}") = "ZNetMonad", "src\ZNetMonad\ZNetMonad.csproj", "{5E2B6312-26CD-4AC9-B650-0BA0FD4D9847}"
EndProject
Project("{9A19103F-16F7-4668-BE54-9A1E7A4F7556}") = "ZNetMonad.Tests", "test\ZNetMonad.Tests\ZNetMonad.Tests.csproj", "{2AE920E4-6539-4944-8435-D3A5B543D16F}"
EndProject
Global
	GlobalSection(SolutionConfigurationPlatforms) = preSolution
		Debug|Any CPU = Debug|Any CPU
		Debug|x64 = Debug|x64
		Debug|x86 = Debug|x86
		Release|Any CPU = Release|Any CPU
		Release|x64 = Release|x64
		Release|x86 = Release|x86
	EndGlobalSection
	GlobalSection(ProjectConfigurationPlatforms) = postSolution
		{5E2B6312-26CD-4AC9-B650-0BA0FD4D9847}.Debug|Any CPU.ActiveCfg = Debug|Any CPU
		{5E2B6312-26CD-4AC9-B650-0BA0FD4D9847}.Debug|Any CPU.Build.0 = Debug|Any CPU
		{5E2B6312-26CD-4AC9-B650-0BA0FD4D9847}.Debug|x64.ActiveCfg = Debug|Any CPU
		{5E2B6312-26CD-4AC9-B650-0BA0FD4D9847}.Debug|x64.Build.0 = Debug|Any CPU
		{5E2B6312-26CD-4AC9-B650-0BA0FD4D9847}.Debug|x86.ActiveCfg = Debug|Any CPU
		{5E2B6312-26CD-4AC9-B650-0BA0FD4D9847}.Debug|x86.Build.0 = Debug|Any CPU
		{5E2B6312-26CD-4AC9-B650-0BA0FD4D9847}.Release|Any CPU.ActiveCfg = Release|Any CPU
		{5E2B6312-26CD-4AC9-B650-0BA0FD4D9847}.Release|Any CPU.Build.0 = Release|Any CPU
		{5E2B6312-26CD-4AC9-B650-0BA0FD4D9847}.Release|x64.ActiveCfg = Release|Any CPU
		{5E2B6312-26CD-4AC9-B650-0BA0FD4D9847}.Release|x64.Build.0 = Release|Any CPU
		{5E2B6312-26CD-4AC9-B650-0BA0FD4D9847}.Release|x86.ActiveCfg = Release|Any CPU
		{5E2B6312-26CD-4AC9-B650-0BA0FD4D9847}.Release|x86.Build.0 = Release|Any CPU
		{2AE920E4-6539-4944-8435-D3A5B543D16F}.Debug|Any CPU.ActiveCfg = Debug|Any CPU
		{2AE920E4-6539-4944-8435-D3A5B543D16F}.Debug|Any CPU.Build.0 = Debug|Any CPU
		{2AE920E4-6539-4944-8435-D3A5B543D16F}.Debug|x64.ActiveCfg = Debug|Any CPU
		{2AE920E4-6539-4944-8435-D3A5B543D16F}.Debug|x64.Build.0 = Debug|Any CPU
		{2AE920E4-6539-4944-8435-D3A5B543D16F}.Debug|x86.ActiveCfg = Debug|Any CPU
		{2AE920E4-6539-4944-8435-D3A5B543D16F}.Debug|x86.Build.0 = Debug|Any CPU
		{2AE920E4-6539-4944-8435-D3A5B543D16F}.Release|Any CPU.ActiveCfg = Release|Any CPU
		{2AE920E4-6539-4944-8435-D3A5B543D16F}.Release|Any CPU.Build.0 = Release|Any CPU
		{2AE920E4-6539-4944-8435-D3A5B543D16F}.Release|x64.ActiveCfg = Release|Any CPU
		{2AE920E4-6539-4944-8435-D3A5B543D16F}.Release|x64.Build.0 = Release|Any CPU
		{2AE920E4-6539-4944-8435-D3A5B543D16F}.Release|x86.ActiveCfg = Release|Any CPU
		{2AE920E4-6539-4944-8435-D3A5B543D16F}.Release|x86.Build.0 = Release|Any CPU
	EndGlobalSection
	GlobalSection(SolutionProperties) = preSolution
		HideSolutionNode = FALSE
	EndGlobalSection
	GlobalSection(TestCaseManagementSettings) = postSolution
		CategoryFile = Church.vsmdi
	EndGlobalSection
EndGlobal
